
Microsoft Visual Studio Solution File, Format Version 12.00
# Visual Studio Version 16
VisualStudioVersion = 16.0.30611.23
MinimumVisualStudioVersion = 10.0.40219.1
Project("{FAE04EC0-301F-11D3-BF4B-00C04F79EFBC}") = "Activitat 2", "Activitat 2\Activitat 2.csproj", "{498881A3-0B58-412E-B0D8-9922AEF9BD60}"
EndProject
Global
	GlobalSection(SolutionConfigurationPlatforms) = preSolution
		Debug|Any CPU = Debug|Any CPU
		Release|Any CPU = Release|Any CPU
	EndGlobalSection
	GlobalSection(ProjectConfigurationPlatforms) = postSolution
		{498881A3-0B58-412E-B0D8-9922AEF9BD60}.Debug|Any CPU.ActiveCfg = Debug|Any CPU
		{498881A3-0B58-412E-B0D8-9922AEF9BD60}.Debug|Any CPU.Build.0 = Debug|Any CPU
		{498881A3-0B58-412E-B0D8-9922AEF9BD60}.Release|Any CPU.ActiveCfg = Release|Any CPU
		{498881A3-0B58-412E-B0D8-9922AEF9BD60}.Release|Any CPU.Build.0 = Release|Any CPU
	EndGlobalSection
	GlobalSection(SolutionProperties) = preSolution
		HideSolutionNode = FALSE
	EndGlobalSection
	GlobalSection(ExtensibilityGlobals) = postSolution
		SolutionGuid = {6287190E-B484-4751-BE08-1F4725EF4614}
	EndGlobalSection
EndGlobal
